
Microsoft Visual Studio Solution File, Format Version 12.00
# Visual Studio Version 17
VisualStudioVersion = 17.1.32328.378
MinimumVisualStudioVersion = 10.0.40219.1
Project("{9A19103F-16F7-4668-BE54-9A1E7A4F7556}") = "Business", "Business\Business.csproj", "{288FB62A-7FEC-4614-9D57-66ED4ADA7780}"
EndProject
Project("{9A19103F-16F7-4668-BE54-9A1E7A4F7556}") = "Model", "Model\Model.csproj", "{29CD335E-C92E-4511-BB49-BAA0C85513B6}"
EndProject
Project("{9A19103F-16F7-4668-BE54-9A1E7A4F7556}") = "POSTerminal.Tests.Unit", "POSTerminal.Tests.Unit\POSTerminal.Tests.Unit.csproj", "{274616D4-1426-4BA3-BC57-61CCD153B4BC}"
EndProject
Global
	GlobalSection(SolutionConfigurationPlatforms) = preSolution
		Debug|Any CPU = Debug|Any CPU
		Release|Any CPU = Release|Any CPU
	EndGlobalSection
	GlobalSection(ProjectConfigurationPlatforms) = postSolution
		{288FB62A-7FEC-4614-9D57-66ED4ADA7780}.Debug|Any CPU.ActiveCfg = Debug|Any CPU
		{288FB62A-7FEC-4614-9D57-66ED4ADA7780}.Debug|Any CPU.Build.0 = Debug|Any CPU
		{288FB62A-7FEC-4614-9D57-66ED4ADA7780}.Release|Any CPU.ActiveCfg = Release|Any CPU
		{288FB62A-7FEC-4614-9D57-66ED4ADA7780}.Release|Any CPU.Build.0 = Release|Any CPU
		{29CD335E-C92E-4511-BB49-BAA0C85513B6}.Debug|Any CPU.ActiveCfg = Debug|Any CPU
		{29CD335E-C92E-4511-BB49-BAA0C85513B6}.Debug|Any CPU.Build.0 = Debug|Any CPU
		{29CD335E-C92E-4511-BB49-BAA0C85513B6}.Release|Any CPU.ActiveCfg = Release|Any CPU
		{29CD335E-C92E-4511-BB49-BAA0C85513B6}.Release|Any CPU.Build.0 = Release|Any CPU
		{274616D4-1426-4BA3-BC57-61CCD153B4BC}.Debug|Any CPU.ActiveCfg = Debug|Any CPU
		{274616D4-1426-4BA3-BC57-61CCD153B4BC}.Debug|Any CPU.Build.0 = Debug|Any CPU
		{274616D4-1426-4BA3-BC57-61CCD153B4BC}.Release|Any CPU.ActiveCfg = Release|Any CPU
		{274616D4-1426-4BA3-BC57-61CCD153B4BC}.Release|Any CPU.Build.0 = Release|Any CPU
	EndGlobalSection
	GlobalSection(SolutionProperties) = preSolution
		HideSolutionNode = FALSE
	EndGlobalSection
	GlobalSection(ExtensibilityGlobals) = postSolution
		SolutionGuid = {B21130D1-291D-4937-95F2-0D1421C94C7D}
	EndGlobalSection
EndGlobal
